
Microsoft Visual Studio Solution File, Format Version 12.00
# Visual Studio Version 17
VisualStudioVersion = 17.4.33205.214
MinimumVisualStudioVersion = 10.0.40219.1
Project("{FAE04EC0-301F-11D3-BF4B-00C04F79EFBC}") = "LR_40", "LR_40\LR_40.csproj", "{9AA34A8B-92D3-4709-9BBB-338B59483DE2}"
EndProject
Global
	GlobalSection(SolutionConfigurationPlatforms) = preSolution
		Debug|Any CPU = Debug|Any CPU
		Release|Any CPU = Release|Any CPU
	EndGlobalSection
	GlobalSection(ProjectConfigurationPlatforms) = postSolution
		{9AA34A8B-92D3-4709-9BBB-338B59483DE2}.Debug|Any CPU.ActiveCfg = Debug|Any CPU
		{9AA34A8B-92D3-4709-9BBB-338B59483DE2}.Debug|Any CPU.Build.0 = Debug|Any CPU
		{9AA34A8B-92D3-4709-9BBB-338B59483DE2}.Release|Any CPU.ActiveCfg = Release|Any CPU
		{9AA34A8B-92D3-4709-9BBB-338B59483DE2}.Release|Any CPU.Build.0 = Release|Any CPU
	EndGlobalSection
	GlobalSection(SolutionProperties) = preSolution
		HideSolutionNode = FALSE
	EndGlobalSection
	GlobalSection(ExtensibilityGlobals) = postSolution
		SolutionGuid = {1490F333-01DC-4634-B09A-096AF7468389}
	EndGlobalSection
EndGlobal
