
Microsoft Visual Studio Solution File, Format Version 12.00
# Visual Studio Version 17
VisualStudioVersion = 17.4.33205.214
MinimumVisualStudioVersion = 10.0.40219.1
Project("{FAE04EC0-301F-11D3-BF4B-00C04F79EFBC}") = "Laba_35_2", "Laba_35_2\Laba_35_2.csproj", "{F443E214-B1EC-427A-A112-90688590F18D}"
EndProject
Global
	GlobalSection(SolutionConfigurationPlatforms) = preSolution
		Debug|Any CPU = Debug|Any CPU
		Release|Any CPU = Release|Any CPU
	EndGlobalSection
	GlobalSection(ProjectConfigurationPlatforms) = postSolution
		{F443E214-B1EC-427A-A112-90688590F18D}.Debug|Any CPU.ActiveCfg = Debug|Any CPU
		{F443E214-B1EC-427A-A112-90688590F18D}.Debug|Any CPU.Build.0 = Debug|Any CPU
		{F443E214-B1EC-427A-A112-90688590F18D}.Release|Any CPU.ActiveCfg = Release|Any CPU
		{F443E214-B1EC-427A-A112-90688590F18D}.Release|Any CPU.Build.0 = Release|Any CPU
	EndGlobalSection
	GlobalSection(SolutionProperties) = preSolution
		HideSolutionNode = FALSE
	EndGlobalSection
	GlobalSection(ExtensibilityGlobals) = postSolution
		SolutionGuid = {855B2CEE-5E2F-416E-8C46-D160F84B0915}
	EndGlobalSection
EndGlobal
