
Microsoft Visual Studio Solution File, Format Version 12.00
# Visual Studio Version 17
VisualStudioVersion = 17.4.33205.214
MinimumVisualStudioVersion = 10.0.40219.1
Project("{FAE04EC0-301F-11D3-BF4B-00C04F79EFBC}") = "Laba_36", "Laba_36\Laba_36.csproj", "{C7ECCA03-832D-4F4D-8512-84A5A48FC80E}"
EndProject
Global
	GlobalSection(SolutionConfigurationPlatforms) = preSolution
		Debug|Any CPU = Debug|Any CPU
		Release|Any CPU = Release|Any CPU
	EndGlobalSection
	GlobalSection(ProjectConfigurationPlatforms) = postSolution
		{C7ECCA03-832D-4F4D-8512-84A5A48FC80E}.Debug|Any CPU.ActiveCfg = Debug|Any CPU
		{C7ECCA03-832D-4F4D-8512-84A5A48FC80E}.Debug|Any CPU.Build.0 = Debug|Any CPU
		{C7ECCA03-832D-4F4D-8512-84A5A48FC80E}.Release|Any CPU.ActiveCfg = Release|Any CPU
		{C7ECCA03-832D-4F4D-8512-84A5A48FC80E}.Release|Any CPU.Build.0 = Release|Any CPU
	EndGlobalSection
	GlobalSection(SolutionProperties) = preSolution
		HideSolutionNode = FALSE
	EndGlobalSection
	GlobalSection(ExtensibilityGlobals) = postSolution
		SolutionGuid = {0A504C91-12B2-4DF9-BFEE-0D34AB3BDD74}
	EndGlobalSection
EndGlobal
